
Microsoft Visual Studio Solution File, Format Version 12.00
# Visual Studio Version 16
VisualStudioVersion = 16.0.31729.503
MinimumVisualStudioVersion = 10.0.40219.1
Project("{FAE04EC0-301F-11D3-BF4B-00C04F79EFBC}") = "pizzariaJRL", "pizzariaJRL.csproj", "{52F2B040-6A79-4A05-8F37-E48C77834D0E}"
EndProject
Global
	GlobalSection(SolutionConfigurationPlatforms) = preSolution
		Debug|Any CPU = Debug|Any CPU
		Release|Any CPU = Release|Any CPU
	EndGlobalSection
	GlobalSection(ProjectConfigurationPlatforms) = postSolution
		{52F2B040-6A79-4A05-8F37-E48C77834D0E}.Debug|Any CPU.ActiveCfg = Debug|Any CPU
		{52F2B040-6A79-4A05-8F37-E48C77834D0E}.Debug|Any CPU.Build.0 = Debug|Any CPU
		{52F2B040-6A79-4A05-8F37-E48C77834D0E}.Release|Any CPU.ActiveCfg = Release|Any CPU
		{52F2B040-6A79-4A05-8F37-E48C77834D0E}.Release|Any CPU.Build.0 = Release|Any CPU
	EndGlobalSection
	GlobalSection(SolutionProperties) = preSolution
		HideSolutionNode = FALSE
	EndGlobalSection
	GlobalSection(ExtensibilityGlobals) = postSolution
		SolutionGuid = {36703B0F-7B37-4DC1-A4CB-44EB49205F4F}
	EndGlobalSection
EndGlobal
